
Microsoft Visual Studio Solution File, Format Version 12.00
# Visual Studio Version 16
VisualStudioVersion = 16.0.29230.47
MinimumVisualStudioVersion = 10.0.40219.1
Project("{FAE04EC0-301F-11D3-BF4B-00C04F79EFBC}") = "Entidades", "ClassLibrary\Entidades.csproj", "{55C971B7-69BC-4E95-BDA8-0EFC07D4A5E7}"
EndProject
Project("{FAE04EC0-301F-11D3-BF4B-00C04F79EFBC}") = "MainCorreo", "MainCorreo\MainCorreo.csproj", "{117D194B-0FAB-4E27-AC92-3D8F23561799}"
EndProject
Project("{FAE04EC0-301F-11D3-BF4B-00C04F79EFBC}") = "Test Unitarios", "Test Unitarios\Test Unitarios.csproj", "{40654B1C-9F1B-4F98-97E3-4268AED89A7D}"
EndProject
Global
	GlobalSection(SolutionConfigurationPlatforms) = preSolution
		Debug|Any CPU = Debug|Any CPU
		Release|Any CPU = Release|Any CPU
	EndGlobalSection
	GlobalSection(ProjectConfigurationPlatforms) = postSolution
		{55C971B7-69BC-4E95-BDA8-0EFC07D4A5E7}.Debug|Any CPU.ActiveCfg = Debug|Any CPU
		{55C971B7-69BC-4E95-BDA8-0EFC07D4A5E7}.Debug|Any CPU.Build.0 = Debug|Any CPU
		{55C971B7-69BC-4E95-BDA8-0EFC07D4A5E7}.Release|Any CPU.ActiveCfg = Release|Any CPU
		{55C971B7-69BC-4E95-BDA8-0EFC07D4A5E7}.Release|Any CPU.Build.0 = Release|Any CPU
		{117D194B-0FAB-4E27-AC92-3D8F23561799}.Debug|Any CPU.ActiveCfg = Debug|Any CPU
		{117D194B-0FAB-4E27-AC92-3D8F23561799}.Debug|Any CPU.Build.0 = Debug|Any CPU
		{117D194B-0FAB-4E27-AC92-3D8F23561799}.Release|Any CPU.ActiveCfg = Release|Any CPU
		{117D194B-0FAB-4E27-AC92-3D8F23561799}.Release|Any CPU.Build.0 = Release|Any CPU
		{40654B1C-9F1B-4F98-97E3-4268AED89A7D}.Debug|Any CPU.ActiveCfg = Debug|Any CPU
		{40654B1C-9F1B-4F98-97E3-4268AED89A7D}.Debug|Any CPU.Build.0 = Debug|Any CPU
		{40654B1C-9F1B-4F98-97E3-4268AED89A7D}.Release|Any CPU.ActiveCfg = Release|Any CPU
		{40654B1C-9F1B-4F98-97E3-4268AED89A7D}.Release|Any CPU.Build.0 = Release|Any CPU
	EndGlobalSection
	GlobalSection(SolutionProperties) = preSolution
		HideSolutionNode = FALSE
	EndGlobalSection
	GlobalSection(ExtensibilityGlobals) = postSolution
		SolutionGuid = {5E5AE95C-A0F5-4FC7-8431-1470CB513B63}
	EndGlobalSection
EndGlobal
